// !$*UTF8*$!
{
	archiveVersion = 1;
	classes = {
	};
	objectVersion = 77;
	objects = {

/* Begin PBXContainerItemProxy section */
		94FCBCF82D90853B005C7B6F /* PBXContainerItemProxy */ = {
			isa = PBXContainerItemProxy;
			containerPortal = 94FCBCD92D908539005C7B6F /* Project object */;
			proxyType = 1;
			remoteGlobalIDString = 94FCBCE02D908539005C7B6F;
			remoteInfo = A2_iOS_Huanbing_101400851;
		};
		94FCBD022D90853B005C7B6F /* PBXContainerItemProxy */ = {
			isa = PBXContainerItemProxy;
			containerPortal = 94FCBCD92D908539005C7B6F /* Project object */;
			proxyType = 1;
			remoteGlobalIDString = 94FCBCE02D908539005C7B6F;
			remoteInfo = A2_iOS_Huanbing_101400851;
		};
/* End PBXContainerItemProxy section */

/* Begin PBXFileReference section */
		94FCBCE12D908539005C7B6F /* A2_iOS_Huanbing_101400851.app */ = {isa = PBXFileReference; explicitFileType = wrapper.application; includeInIndex = 0; path = A2_iOS_Huanbing_101400851.app; sourceTree = BUILT_PRODUCTS_DIR; };
		94FCBCF72D90853B005C7B6F /* A2_iOS_Huanbing_101400851Tests.xctest */ = {isa = PBXFileReference; explicitFileType = wrapper.cfbundle; includeInIndex = 0; path = A2_iOS_Huanbing_101400851Tests.xctest; sourceTree = BUILT_PRODUCTS_DIR; };
		94FCBD012D90853B005C7B6F /* A2_iOS_Huanbing_101400851UITests.xctest */ = {isa = PBXFileReference; explicitFileType = wrapper.cfbundle; includeInIndex = 0; path = A2_iOS_Huanbing_101400851UITests.xctest; sourceTree = BUILT_PRODUCTS_DIR; };
/* End PBXFileReference section */

/* Begin PBXFileSystemSynchronizedBuildFileExceptionSet section */
		94FCBD092D90853B005C7B6F /* Exceptions for "A2_iOS_Huanbing_101400851" folder in "A2_iOS_Huanbing_101400851" target */ = {
			isa = PBXFileSystemSynchronizedBuildFileExceptionSet;
			membershipExceptions = (
				Info.plist,
			);
			target = 94FCBCE02D908539005C7B6F /* A2_iOS_Huanbing_101400851 */;
		};
/* End PBXFileSystemSynchronizedBuildFileExceptionSet section */

/* Begin PBXFileSystemSynchronizedRootGroup section */
		94FCBCE32D908539005C7B6F /* A2_iOS_Huanbing_101400851 */ = {
			isa = PBXFileSystemSynchronizedRootGroup;
			exceptions = (
				94FCBD092D90853B005C7B6F /* Exceptions for "A2_iOS_Huanbing_101400851" folder in "A2_iOS_Huanbing_101400851" target */,
			);
			path = A2_iOS_Huanbing_101400851;
			sourceTree = "<group>";
		};
		94FCBCFA2D90853B005C7B6F /* A2_iOS_Huanbing_101400851Tests */ = {
			isa = PBXFileSystemSynchronizedRootGroup;
			path = A2_iOS_Huanbing_101400851Tests;
			sourceTree = "<group>";
		};
		94FCBD042D90853B005C7B6F /* A2_iOS_Huanbing_101400851UITests */ = {
			isa = PBXFileSystemSynchronizedRootGroup;
			path = A2_iOS_Huanbing_101400851UITests;
			sourceTree = "<group>";
		};
/* End PBXFileSystemSynchronizedRootGroup section */

/* Begin PBXFrameworksBuildPhase section */
		94FCBCDE2D908539005C7B6F /* Frameworks */ = {
			isa = PBXFrameworksBuildPhase;
			buildActionMask = 2147483647;
			files = (
			);
			runOnlyForDeploymentPostprocessing = 0;
		};
		94FCBCF42D90853B005C7B6F /* Frameworks */ = {
			isa = PBXFrameworksBuildPhase;
			buildActionMask = 2147483647;
			files = (
			);
			runOnlyForDeploymentPostprocessing = 0;
		};
		94FCBCFE2D90853B005C7B6F /* Frameworks */ = {
			isa = PBXFrameworksBuildPhase;
			buildActionMask = 2147483647;
			files = (
			);
			runOnlyForDeploymentPostprocessing = 0;
		};
/* End PBXFrameworksBuildPhase section */

/* Begin PBXGroup section */
		94FCBCD82D908538005C7B6F = {
			isa = PBXGroup;
			children = (
				94FCBCE32D908539005C7B6F /* A2_iOS_Huanbing_101400851 */,
				94FCBCFA2D90853B005C7B6F /* A2_iOS_Huanbing_101400851Tests */,
				94FCBD042D90853B005C7B6F /* A2_iOS_Huanbing_101400851UITests */,
				94FCBCE22D908539005C7B6F /* Products */,
			);
			sourceTree = "<group>";
		};
		94FCBCE22D908539005C7B6F /* Products */ = {
			isa = PBXGroup;
			children = (
				94FCBCE12D908539005C7B6F /* A2_iOS_Huanbing_101400851.app */,
				94FCBCF72D90853B005C7B6F /* A2_iOS_Huanbing_101400851Tests.xctest */,
				94FCBD012D90853B005C7B6F /* A2_iOS_Huanbing_101400851UITests.xctest */,
			);
			name = Products;
			sourceTree = "<group>";
		};
/* End PBXGroup section */

/* Begin PBXNativeTarget section */
		94FCBCE02D908539005C7B6F /* A2_iOS_Huanbing_101400851 */ = {
			isa = PBXNativeTarget;
			buildConfigurationList = 94FCBD0A2D90853B005C7B6F /* Build configuration list for PBXNativeTarget "A2_iOS_Huanbing_101400851" */;
			buildPhases = (
				94FCBCDD2D908539005C7B6F /* Sources */,
				94FCBCDE2D908539005C7B6F /* Frameworks */,
				94FCBCDF2D908539005C7B6F /* Resources */,
			);
			buildRules = (
			);
			dependencies = (
			);
			fileSystemSynchronizedGroups = (
				94FCBCE32D908539005C7B6F /* A2_iOS_Huanbing_101400851 */,
			);
			name = A2_iOS_Huanbing_101400851;
			packageProductDependencies = (
			);
			productName = A2_iOS_Huanbing_101400851;
			productReference = 94FCBCE12D908539005C7B6F /* A2_iOS_Huanbing_101400851.app */;
			productType = "com.apple.product-type.application";
		};
		94FCBCF62D90853B005C7B6F /* A2_iOS_Huanbing_101400851Tests */ = {
			isa = PBXNativeTarget;
			buildConfigurationList = 94FCBD0F2D90853B005C7B6F /* Build configuration list for PBXNativeTarget "A2_iOS_Huanbing_101400851Tests" */;
			buildPhases = (
				94FCBCF32D90853B005C7B6F /* Sources */,
				94FCBCF42D90853B005C7B6F /* Frameworks */,
				94FCBCF52D90853B005C7B6F /* Resources */,
			);
			buildRules = (
			);
			dependencies = (
				94FCBCF92D90853B005C7B6F /* PBXTargetDependency */,
			);
			fileSystemSynchronizedGroups = (
				94FCBCFA2D90853B005C7B6F /* A2_iOS_Huanbing_101400851Tests */,
			);
			name = A2_iOS_Huanbing_101400851Tests;
			packageProductDependencies = (
			);
			productName = A2_iOS_Huanbing_101400851Tests;
			productReference = 94FCBCF72D90853B005C7B6F /* A2_iOS_Huanbing_101400851Tests.xctest */;
			productType = "com.apple.product-type.bundle.unit-test";
		};
		94FCBD002D90853B005C7B6F /* A2_iOS_Huanbing_101400851UITests */ = {
			isa = PBXNativeTarget;
			buildConfigurationList = 94FCBD122D90853B005C7B6F /* Build configuration list for PBXNativeTarget "A2_iOS_Huanbing_101400851UITests" */;
			buildPhases = (
				94FCBCFD2D90853B005C7B6F /* Sources */,
				94FCBCFE2D90853B005C7B6F /* Frameworks */,
				94FCBCFF2D90853B005C7B6F /* Resources */,
			);
			buildRules = (
			);
			dependencies = (
				94FCBD032D90853B005C7B6F /* PBXTargetDependency */,
			);
			fileSystemSynchronizedGroups = (
				94FCBD042D90853B005C7B6F /* A2_iOS_Huanbing_101400851UITests */,
			);
			name = A2_iOS_Huanbing_101400851UITests;
			packageProductDependencies = (
			);
			productName = A2_iOS_Huanbing_101400851UITests;
			productReference = 94FCBD012D90853B005C7B6F /* A2_iOS_Huanbing_101400851UITests.xctest */;
			productType = "com.apple.product-type.bundle.ui-testing";
		};
/* End PBXNativeTarget section */

/* Begin PBXProject section */
		94FCBCD92D908539005C7B6F /* Project object */ = {
			isa = PBXProject;
			attributes = {
				BuildIndependentTargetsInParallel = 1;
				LastSwiftUpdateCheck = 1610;
				LastUpgradeCheck = 1610;
				TargetAttributes = {
					94FCBCE02D908539005C7B6F = {
						CreatedOnToolsVersion = 16.1;
					};
					94FCBCF62D90853B005C7B6F = {
						CreatedOnToolsVersion = 16.1;
						TestTargetID = 94FCBCE02D908539005C7B6F;
					};
					94FCBD002D90853B005C7B6F = {
						CreatedOnToolsVersion = 16.1;
						TestTargetID = 94FCBCE02D908539005C7B6F;
					};
				};
			};
			buildConfigurationList = 94FCBCDC2D908539005C7B6F /* Build configuration list for PBXProject "A2_iOS_Huanbing_101400851" */;
			developmentRegion = en;
			hasScannedForEncodings = 0;
			knownRegions = (
				en,
				Base,
			);
			mainGroup = 94FCBCD82D908538005C7B6F;
			minimizedProjectReferenceProxies = 1;
			preferredProjectObjectVersion = 77;
			productRefGroup = 94FCBCE22D908539005C7B6F /* Products */;
			projectDirPath = "";
			projectRoot = "";
			targets = (
				94FCBCE02D908539005C7B6F /* A2_iOS_Huanbing_101400851 */,
				94FCBCF62D90853B005C7B6F /* A2_iOS_Huanbing_101400851Tests */,
				94FCBD002D90853B005C7B6F /* A2_iOS_Huanbing_101400851UITests */,
			);
		};
/* End PBXProject section */

/* Begin PBXResourcesBuildPhase section */
		94FCBCDF2D908539005C7B6F /* Resources */ = {
			isa = PBXResourcesBuildPhase;
			buildActionMask = 2147483647;
			files = (
			);
			runOnlyForDeploymentPostprocessing = 0;
		};
		94FCBCF52D90853B005C7B6F /* Resources */ = {
			isa = PBXResourcesBuildPhase;
			buildActionMask = 2147483647;
			files = (
			);
			runOnlyForDeploymentPostprocessing = 0;
		};
		94FCBCFF2D90853B005C7B6F /* Resources */ = {
			isa = PBXResourcesBuildPhase;
			buildActionMask = 2147483647;
			files = (
			);
			runOnlyForDeploymentPostprocessing = 0;
		};
/* End PBXResourcesBuildPhase section */

/* Begin PBXSourcesBuildPhase section */
		94FCBCDD2D908539005C7B6F /* Sources */ = {
			isa = PBXSourcesBuildPhase;
			buildActionMask = 2147483647;
			files = (
			);
			runOnlyForDeploymentPostprocessing = 0;
		};
		94FCBCF32D90853B005C7B6F /* Sources */ = {
			isa = PBXSourcesBuildPhase;
			buildActionMask = 2147483647;
			files = (
			);
			runOnlyForDeploymentPostprocessing = 0;
		};
		94FCBCFD2D90853B005C7B6F /* Sources */ = {
			isa = PBXSourcesBuildPhase;
			buildActionMask = 2147483647;
			files = (
			);
			runOnlyForDeploymentPostprocessing = 0;
		};
/* End PBXSourcesBuildPhase section */

/* Begin PBXTargetDependency section */
		94FCBCF92D90853B005C7B6F /* PBXTargetDependency */ = {
			isa = PBXTargetDependency;
			target = 94FCBCE02D908539005C7B6F /* A2_iOS_Huanbing_101400851 */;
			targetProxy = 94FCBCF82D90853B005C7B6F /* PBXContainerItemProxy */;
		};
		94FCBD032D90853B005C7B6F /* PBXTargetDependency */ = {
			isa = PBXTargetDependency;
			target = 94FCBCE02D908539005C7B6F /* A2_iOS_Huanbing_101400851 */;
			targetProxy = 94FCBD022D90853B005C7B6F /* PBXContainerItemProxy */;
		};
/* End PBXTargetDependency section */

/* Begin XCBuildConfiguration section */
		94FCBD0B2D90853B005C7B6F /* Debug */ = {
			isa = XCBuildConfiguration;
			buildSettings = {
				ASSETCATALOG_COMPILER_APPICON_NAME = AppIcon;
				ASSETCATALOG_COMPILER_GLOBAL_ACCENT_COLOR_NAME = AccentColor;
				CODE_SIGN_STYLE = Automatic;
				CURRENT_PROJECT_VERSION = 1;
				GENERATE_INFOPLIST_FILE = YES;
				INFOPLIST_FILE = A2_iOS_Huanbing_101400851/Info.plist;
				INFOPLIST_KEY_UIApplicationSupportsIndirectInputEvents = YES;
				INFOPLIST_KEY_UILaunchStoryboardName = LaunchScreen;
				INFOPLIST_KEY_UIMainStoryboardFile = Main;
				INFOPLIST_KEY_UISupportedInterfaceOrientations_iPad = "UIInterfaceOrientationPortrait UIInterfaceOrientationPortraitUpsideDown UIInterfaceOrientationLandscapeLeft UIInterfaceOrientationLandscapeRight";
				INFOPLIST_KEY_UISupportedInterfaceOrientations_iPhone = "UIInterfaceOrientationPortrait UIInterfaceOrientationLandscapeLeft UIInterfaceOrientationLandscapeRight";
				LD_RUNPATH_SEARCH_PATHS = (
					"$(inherited)",
					"@executable_path/Frameworks",
				);
				MARKETING_VERSION = 1.0;
				PRODUCT_BUNDLE_IDENTIFIER = "h.A2-iOS-Huanbing-101400851";
				PRODUCT_NAME = "$(TARGET_NAME)";
				SWIFT_EMIT_LOC_STRINGS = YES;
				SWIFT_VERSION = 5.0;
				TARGETED_DEVICE_FAMILY = "1,2";
			};
			name = Debug;
		};
		94FCBD0C2D90853B005C7B6F /* Release */ = {
			isa = XCBuildConfiguration;
			buildSettings = {
				ASSETCATALOG_COMPILER_APPICON_NAME = AppIcon;
				ASSETCATALOG_COMPILER_GLOBAL_ACCENT_COLOR_NAME = AccentColor;
				CODE_SIGN_STYLE = Automatic;
				CURRENT_PROJECT_VERSION = 1;
				GENERATE_INFOPLIST_FILE = YES;
				INFOPLIST_FILE = A2_iOS_Huanbing_101400851/Info.plist;
				INFOPLIST_KEY_UIApplicationSupportsIndirectInputEvents = YES;
				INFOPLIST_KEY_UILaunchStoryboardName = LaunchScreen;
				INFOPLIST_KEY_UIMainStoryboardFile = Main;
				INFOPLIST_KEY_UISupportedInterfaceOrientations_iPad = "UIInterfaceOrientationPortrait UIInterfaceOrientationPortraitUpsideDown UIInterfaceOrientationLandscapeLeft UIInterfaceOrientationLandscapeRight";
				INFOPLIST_KEY_UISupportedInterfaceOrientations_iPhone = "UIInterfaceOrientationPortrait UIInterfaceOrientationLandscapeLeft UIInterfaceOrientationLandscapeRight";
				LD_RUNPATH_SEARCH_PATHS = (
					"$(inherited)",
					"@executable_path/Frameworks",
				);
				MARKETING_VERSION = 1.0;
				PRODUCT_BUNDLE_IDENTIFIER = "h.A2-iOS-Huanbing-101400851";
				PRODUCT_NAME = "$(TARGET_NAME)";
				SWIFT_EMIT_LOC_STRINGS = YES;
				SWIFT_VERSION = 5.0;
				TARGETED_DEVICE_FAMILY = "1,2";
			};
			name = Release;
		};
		94FCBD0D2D90853B005C7B6F /* Debug */ = {
			isa = XCBuildConfiguration;
			buildSettings = {
				ALWAYS_SEARCH_USER_PATHS = NO;
				ASSETCATALOG_COMPILER_GENERATE_SWIFT_ASSET_SYMBOL_EXTENSIONS = YES;
				CLANG_ANALYZER_NONNULL = YES;
				CLANG_ANALYZER_NUMBER_OBJECT_CONVERSION = YES_AGGRESSIVE;
				CLANG_CXX_LANGUAGE_STANDARD = "gnu++20";
				CLANG_ENABLE_MODULES = YES;
				CLANG_ENABLE_OBJC_ARC = YES;
				CLANG_ENABLE_OBJC_WEAK = YES;
				CLANG_WARN_BLOCK_CAPTURE_AUTORELEASING = YES;
				CLANG_WARN_BOOL_CONVERSION = YES;
				CLANG_WARN_COMMA = YES;
				CLANG_WARN_CONSTANT_CONVERSION = YES;
				CLANG_WARN_DEPRECATED_OBJC_IMPLEMENTATIONS = YES;
				CLANG_WARN_DIRECT_OBJC_ISA_USAGE = YES_ERROR;
				CLANG_WARN_DOCUMENTATION_COMMENTS = YES;
				CLANG_WARN_EMPTY_BODY = YES;
				CLANG_WARN_ENUM_CONVERSION = YES;
				CLANG_WARN_INFINITE_RECURSION = YES;
				CLANG_WARN_INT_CONVERSION = YES;
				CLANG_WARN_NON_LITERAL_NULL_CONVERSION = YES;
				CLANG_WARN_OBJC_IMPLICIT_RETAIN_SELF = YES;
				CLANG_WARN_OBJC_LITERAL_CONVERSION = YES;
				CLANG_WARN_OBJC_ROOT_CLASS = YES_ERROR;
				CLANG_WARN_QUOTED_INCLUDE_IN_FRAMEWORK_HEADER = YES;
				CLANG_WARN_RANGE_LOOP_ANALYSIS = YES;
				CLANG_WARN_STRICT_PROTOTYPES = YES;
				CLANG_WARN_SUSPICIOUS_MOVE = YES;
				CLANG_WARN_UNGUARDED_AVAILABILITY = YES_AGGRESSIVE;
				CLANG_WARN_UNREACHABLE_CODE = YES;
				CLANG_WARN__DUPLICATE_METHOD_MATCH = YES;
				COPY_PHASE_STRIP = NO;
				DEBUG_INFORMATION_FORMAT = dwarf;
				ENABLE_STRICT_OBJC_MSGSEND = YES;
				ENABLE_TESTABILITY = YES;
				ENABLE_USER_SCRIPT_SANDBOXING = YES;
				GCC_C_LANGUAGE_STANDARD = gnu17;
				GCC_DYNAMIC_NO_PIC = NO;
				GCC_NO_COMMON_BLOCKS = YES;
				GCC_OPTIMIZATION_LEVEL = 0;
				GCC_PREPROCESSOR_DEFINITIONS = (
					"DEBUG=1",
					"$(inherited)",
				);
				GCC_WARN_64_TO_32_BIT_CONVERSION = YES;
				GCC_WARN_ABOUT_RETURN_TYPE = YES_ERROR;
				GCC_WARN_UNDECLARED_SELECTOR = YES;
				GCC_WARN_UNINITIALIZED_AUTOS = YES_AGGRESSIVE;
				GCC_WARN_UNUSED_FUNCTION = YES;
				GCC_WARN_UNUSED_VARIABLE = YES;
				IPHONEOS_DEPLOYMENT_TARGET = 18.1;
				LOCALIZATION_PREFERS_STRING_CATALOGS = YES;
				MTL_ENABLE_DEBUG_INFO = INCLUDE_SOURCE;
				MTL_FAST_MATH = YES;
				ONLY_ACTIVE_ARCH = YES;
				SDKROOT = iphoneos;
				SWIFT_ACTIVE_COMPILATION_CONDITIONS = "DEBUG $(inherited)";
				SWIFT_OPTIMIZATION_LEVEL = "-Onone";
			};
			name = Debug;
		};
		94FCBD0E2D90853B005C7B6F /* Release */ = {
			isa = XCBuildConfiguration;
			buildSettings = {
				ALWAYS_SEARCH_USER_PATHS = NO;
				ASSETCATALOG_COMPILER_GENERATE_SWIFT_ASSET_SYMBOL_EXTENSIONS = YES;
				CLANG_ANALYZER_NONNULL = YES;
				CLANG_ANALYZER_NUMBER_OBJECT_CONVERSION = YES_AGGRESSIVE;
				CLANG_CXX_LANGUAGE_STANDARD = "gnu++20";
				CLANG_ENABLE_MODULES = YES;
				CLANG_ENABLE_OBJC_ARC = YES;
				CLANG_ENABLE_OBJC_WEAK = YES;
				CLANG_WARN_BLOCK_CAPTURE_AUTORELEASING = YES;
				CLANG_WARN_BOOL_CONVERSION = YES;
				CLANG_WARN_COMMA = YES;
				CLANG_WARN_CONSTANT_CONVERSION = YES;
				CLANG_WARN_DEPRECATED_OBJC_IMPLEMENTATIONS = YES;
				CLANG_WARN_DIRECT_OBJC_ISA_USAGE = YES_ERROR;
				CLANG_WARN_DOCUMENTATION_COMMENTS = YES;
				CLANG_WARN_EMPTY_BODY = YES;
				CLANG_WARN_ENUM_CONVERSION = YES;
				CLANG_WARN_INFINITE_RECURSION = YES;
				CLANG_WARN_INT_CONVERSION = YES;
				CLANG_WARN_NON_LITERAL_NULL_CONVERSION = YES;
				CLANG_WARN_OBJC_IMPLICIT_RETAIN_SELF = YES;
				CLANG_WARN_OBJC_LITERAL_CONVERSION = YES;
				CLANG_WARN_OBJC_ROOT_CLASS = YES_ERROR;
				CLANG_WARN_QUOTED_INCLUDE_IN_FRAMEWORK_HEADER = YES;
				CLANG_WARN_RANGE_LOOP_ANALYSIS = YES;
				CLANG_WARN_STRICT_PROTOTYPES = YES;
				CLANG_WARN_SUSPICIOUS_MOVE = YES;
				CLANG_WARN_UNGUARDED_AVAILABILITY = YES_AGGRESSIVE;
				CLANG_WARN_UNREACHABLE_CODE = YES;
				CLANG_WARN__DUPLICATE_METHOD_MATCH = YES;
				COPY_PHASE_STRIP = NO;
				DEBUG_INFORMATION_FORMAT = "dwarf-with-dsym";
				ENABLE_NS_ASSERTIONS = NO;
				ENABLE_STRICT_OBJC_MSGSEND = YES;
				ENABLE_USER_SCRIPT_SANDBOXING = YES;
				GCC_C_LANGUAGE_STANDARD = gnu17;
				GCC_NO_COMMON_BLOCKS = YES;
				GCC_WARN_64_TO_32_BIT_CONVERSION = YES;
				GCC_WARN_ABOUT_RETURN_TYPE = YES_ERROR;
				GCC_WARN_UNDECLARED_SELECTOR = YES;
				GCC_WARN_UNINITIALIZED_AUTOS = YES_AGGRESSIVE;
				GCC_WARN_UNUSED_FUNCTION = YES;
				GCC_WARN_UNUSED_VARIABLE = YES;
				IPHONEOS_DEPLOYMENT_TARGET = 18.1;
				LOCALIZATION_PREFERS_STRING_CATALOGS = YES;
				MTL_ENABLE_DEBUG_INFO = NO;
				MTL_FAST_MATH = YES;
				SDKROOT = iphoneos;
				SWIFT_COMPILATION_MODE = wholemodule;
				VALIDATE_PRODUCT = YES;
			};
			name = Release;
		};
		94FCBD102D90853B005C7B6F /* Debug */ = {
			isa = XCBuildConfiguration;
			buildSettings = {
				BUNDLE_LOADER = "$(TEST_HOST)";
				CODE_SIGN_STYLE = Automatic;
				CURRENT_PROJECT_VERSION = 1;
				GENERATE_INFOPLIST_FILE = YES;
				IPHONEOS_DEPLOYMENT_TARGET = 18.1;
				MARKETING_VERSION = 1.0;
				PRODUCT_BUNDLE_IDENTIFIER = "h.A2-iOS-Huanbing-101400851Tests";
				PRODUCT_NAME = "$(TARGET_NAME)";
				SWIFT_EMIT_LOC_STRINGS = NO;
				SWIFT_VERSION = 5.0;
				TARGETED_DEVICE_FAMILY = "1,2";
				TEST_HOST = "$(BUILT_PRODUCTS_DIR)/A2_iOS_Huanbing_101400851.app/$(BUNDLE_EXECUTABLE_FOLDER_PATH)/A2_iOS_Huanbing_101400851";
			};
			name = Debug;
		};
		94FCBD112D90853B005C7B6F /* Release */ = {
			isa = XCBuildConfiguration;
			buildSettings = {
				BUNDLE_LOADER = "$(TEST_HOST)";
				CODE_SIGN_STYLE = Automatic;
				CURRENT_PROJECT_VERSION = 1;
				GENERATE_INFOPLIST_FILE = YES;
				IPHONEOS_DEPLOYMENT_TARGET = 18.1;
				MARKETING_VERSION = 1.0;
				PRODUCT_BUNDLE_IDENTIFIER = "h.A2-iOS-Huanbing-101400851Tests";
				PRODUCT_NAME = "$(TARGET_NAME)";
				SWIFT_EMIT_LOC_STRINGS = NO;
				SWIFT_VERSION = 5.0;
				TARGETED_DEVICE_FAMILY = "1,2";
				TEST_HOST = "$(BUILT_PRODUCTS_DIR)/A2_iOS_Huanbing_101400851.app/$(BUNDLE_EXECUTABLE_FOLDER_PATH)/A2_iOS_Huanbing_101400851";
			};
			name = Release;
		};
		94FCBD132D90853B005C7B6F /* Debug */ = {
			isa = XCBuildConfiguration;
			buildSettings = {
				CODE_SIGN_STYLE = Automatic;
				CURRENT_PROJECT_VERSION = 1;
				GENERATE_INFOPLIST_FILE = YES;
				MARKETING_VERSION = 1.0;
				PRODUCT_BUNDLE_IDENTIFIER = "h.A2-iOS-Huanbing-101400851UITests";
				PRODUCT_NAME = "$(TARGET_NAME)";
				SWIFT_EMIT_LOC_STRINGS = NO;
				SWIFT_VERSION = 5.0;
				TARGETED_DEVICE_FAMILY = "1,2";
				TEST_TARGET_NAME = A2_iOS_Huanbing_101400851;
			};
			name = Debug;
		};
		94FCBD142D90853B005C7B6F /* Release */ = {
			isa = XCBuildConfiguration;
			buildSettings = {
				CODE_SIGN_STYLE = Automatic;
				CURRENT_PROJECT_VERSION = 1;
				GENERATE_INFOPLIST_FILE = YES;
				MARKETING_VERSION = 1.0;
				PRODUCT_BUNDLE_IDENTIFIER = "h.A2-iOS-Huanbing-101400851UITests";
				PRODUCT_NAME = "$(TARGET_NAME)";
				SWIFT_EMIT_LOC_STRINGS = NO;
				SWIFT_VERSION = 5.0;
				TARGETED_DEVICE_FAMILY = "1,2";
				TEST_TARGET_NAME = A2_iOS_Huanbing_101400851;
			};
			name = Release;
		};
/* End XCBuildConfiguration section */

/* Begin XCConfigurationList section */
		94FCBCDC2D908539005C7B6F /* Build configuration list for PBXProject "A2_iOS_Huanbing_101400851" */ = {
			isa = XCConfigurationList;
			buildConfigurations = (
				94FCBD0D2D90853B005C7B6F /* Debug */,
				94FCBD0E2D90853B005C7B6F /* Release */,
			);
			defaultConfigurationIsVisible = 0;
			defaultConfigurationName = Release;
		};
		94FCBD0A2D90853B005C7B6F /* Build configuration list for PBXNativeTarget "A2_iOS_Huanbing_101400851" */ = {
			isa = XCConfigurationList;
			buildConfigurations = (
				94FCBD0B2D90853B005C7B6F /* Debug */,
				94FCBD0C2D90853B005C7B6F /* Release */,
			);
			defaultConfigurationIsVisible = 0;
			defaultConfigurationName = Release;
		};
		94FCBD0F2D90853B005C7B6F /* Build configuration list for PBXNativeTarget "A2_iOS_Huanbing_101400851Tests" */ = {
			isa = XCConfigurationList;
			buildConfigurations = (
				94FCBD102D90853B005C7B6F /* Debug */,
				94FCBD112D90853B005C7B6F /* Release */,
			);
			defaultConfigurationIsVisible = 0;
			defaultConfigurationName = Release;
		};
		94FCBD122D90853B005C7B6F /* Build configuration list for PBXNativeTarget "A2_iOS_Huanbing_101400851UITests" */ = {
			isa = XCConfigurationList;
			buildConfigurations = (
				94FCBD132D90853B005C7B6F /* Debug */,
				94FCBD142D90853B005C7B6F /* Release */,
			);
			defaultConfigurationIsVisible = 0;
			defaultConfigurationName = Release;
		};
/* End XCConfigurationList section */
	};
	rootObject = 94FCBCD92D908539005C7B6F /* Project object */;
}
